// !$*UTF8*$!
{
	archiveVersion = 1;
	classes = {
	};
	objectVersion = 46;
	objects = {

/* Begin PBXBuildFile section */
		305224031B84F42C00AD7A98 /* EnemyBot.swift in Sources */ = {isa = PBXBuildFile; fileRef = 305224021B84F42C00AD7A98 /* EnemyBot.swift */; };
		305224051B86380300AD7A98 /* EnemyControl.swift in Sources */ = {isa = PBXBuildFile; fileRef = 305224041B86380300AD7A98 /* EnemyControl.swift */; };
		305224071B863F2400AD7A98 /* Enemy.json in Resources */ = {isa = PBXBuildFile; fileRef = 305224061B863F2400AD7A98 /* Enemy.json */; };
		306F7C731B7118A100E8501A /* AudioNode.swift in Sources */ = {isa = PBXBuildFile; fileRef = 306F7C721B7118A100E8501A /* AudioNode.swift */; };
		306F7C771B7274F900E8501A /* helicopterMono.mp3 in Resources */ = {isa = PBXBuildFile; fileRef = 306F7C761B7274F900E8501A /* helicopterMono.mp3 */; };
		306F7C7B1B7D014C00E8501A /* Singleton.swift in Sources */ = {isa = PBXBuildFile; fileRef = 306F7C7A1B7D014C00E8501A /* Singleton.swift */; };
		306F7C7D1B7D023700E8501A /* asylum.mp3 in Resources */ = {isa = PBXBuildFile; fileRef = 306F7C7C1B7D023700E8501A /* asylum.mp3 */; };
		306F7C7F1B7D113600E8501A /* BackGroundSoundNode.swift in Sources */ = {isa = PBXBuildFile; fileRef = 306F7C7E1B7D113600E8501A /* BackGroundSoundNode.swift */; };
		306F7C811B7D1BF500E8501A /* locked.wav in Resources */ = {isa = PBXBuildFile; fileRef = 306F7C801B7D1BF500E8501A /* locked.wav */; };
		B91B36AA1B71181F00B1BE78 /* GameState.swift in Sources */ = {isa = PBXBuildFile; fileRef = B91B36A91B71181F00B1BE78 /* GameState.swift */; };
		B91B8A781B8261470060CF44 /* UIAlternateTapGestureRecognizer.swift in Sources */ = {isa = PBXBuildFile; fileRef = B91B8A771B8261470060CF44 /* UIAlternateTapGestureRecognizer.swift */; };
		B985E0741B7519E100CBAC43 /* SwiftyJSON.swift in Sources */ = {isa = PBXBuildFile; fileRef = B985E0731B7519E100CBAC43 /* SwiftyJSON.swift */; };
		B985E0761B75300200CBAC43 /* Level1.json in Resources */ = {isa = PBXBuildFile; fileRef = B985E0751B75300200CBAC43 /* Level1.json */; };
		D444072F1B83BAAA0049AFE7 /* Map1.json in Resources */ = {isa = PBXBuildFile; fileRef = D444072E1B83BAAA0049AFE7 /* Map1.json */; };
		D471FDBF1B6FD3B000D80921 /* AppDelegate.swift in Sources */ = {isa = PBXBuildFile; fileRef = D471FDBE1B6FD3B000D80921 /* AppDelegate.swift */; };
		D471FDC11B6FD3B000D80921 /* GameScene.sks in Resources */ = {isa = PBXBuildFile; fileRef = D471FDC01B6FD3B000D80921 /* GameScene.sks */; };
		D471FDC31B6FD3B000D80921 /* GameScene.swift in Sources */ = {isa = PBXBuildFile; fileRef = D471FDC21B6FD3B000D80921 /* GameScene.swift */; };
		D471FDC51B6FD3B000D80921 /* GameViewController.swift in Sources */ = {isa = PBXBuildFile; fileRef = D471FDC41B6FD3B000D80921 /* GameViewController.swift */; };
		D471FDC81B6FD3B000D80921 /* Main.storyboard in Resources */ = {isa = PBXBuildFile; fileRef = D471FDC61B6FD3B000D80921 /* Main.storyboard */; };
		D471FDCA1B6FD3B000D80921 /* Images.xcassets in Resources */ = {isa = PBXBuildFile; fileRef = D471FDC91B6FD3B000D80921 /* Images.xcassets */; };
		D471FDCD1B6FD3B000D80921 /* LaunchScreen.xib in Resources */ = {isa = PBXBuildFile; fileRef = D471FDCB1B6FD3B000D80921 /* LaunchScreen.xib */; };
		D471FDD91B6FD3B000D80921 /* FCTerrorGameTests.swift in Sources */ = {isa = PBXBuildFile; fileRef = D471FDD81B6FD3B000D80921 /* FCTerrorGameTests.swift */; };
		D4A0D3271B8CFB5F0004BB09 /* playerSteps.mp3 in Resources */ = {isa = PBXBuildFile; fileRef = D4A0D3261B8CFB5F0004BB09 /* playerSteps.mp3 */; };
		D4A0D32B1B8E3B440004BB09 /* crossroad.mp3 in Resources */ = {isa = PBXBuildFile; fileRef = D4A0D32A1B8E3B440004BB09 /* crossroad.mp3 */; };
/* End PBXBuildFile section */

/* Begin PBXContainerItemProxy section */
		D471FDD31B6FD3B000D80921 /* PBXContainerItemProxy */ = {
			isa = PBXContainerItemProxy;
			containerPortal = D471FDB11B6FD3B000D80921 /* Project object */;
			proxyType = 1;
			remoteGlobalIDString = D471FDB81B6FD3B000D80921;
			remoteInfo = FCTerrorGame;
		};
/* End PBXContainerItemProxy section */

/* Begin PBXFileReference section */
		305224021B84F42C00AD7A98 /* EnemyBot.swift */ = {isa = PBXFileReference; fileEncoding = 4; lastKnownFileType = sourcecode.swift; path = EnemyBot.swift; sourceTree = "<group>"; };
		305224041B86380300AD7A98 /* EnemyControl.swift */ = {isa = PBXFileReference; fileEncoding = 4; lastKnownFileType = sourcecode.swift; path = EnemyControl.swift; sourceTree = "<group>"; };
		305224061B863F2400AD7A98 /* Enemy.json */ = {isa = PBXFileReference; fileEncoding = 4; lastKnownFileType = text.json; path = Enemy.json; sourceTree = "<group>"; };
		306F7C721B7118A100E8501A /* AudioNode.swift */ = {isa = PBXFileReference; fileEncoding = 4; lastKnownFileType = sourcecode.swift; path = AudioNode.swift; sourceTree = "<group>"; };
		306F7C761B7274F900E8501A /* helicopterMono.mp3 */ = {isa = PBXFileReference; lastKnownFileType = audio.mp3; name = helicopterMono.mp3; path = ../helicopterMono.mp3; sourceTree = "<group>"; };
		306F7C7A1B7D014C00E8501A /* Singleton.swift */ = {isa = PBXFileReference; fileEncoding = 4; lastKnownFileType = sourcecode.swift; path = Singleton.swift; sourceTree = "<group>"; };
		306F7C7C1B7D023700E8501A /* asylum.mp3 */ = {isa = PBXFileReference; lastKnownFileType = audio.mp3; name = asylum.mp3; path = ../asylum.mp3; sourceTree = "<group>"; };
		306F7C7E1B7D113600E8501A /* BackGroundSoundNode.swift */ = {isa = PBXFileReference; fileEncoding = 4; lastKnownFileType = sourcecode.swift; path = BackGroundSoundNode.swift; sourceTree = "<group>"; };
		306F7C801B7D1BF500E8501A /* locked.wav */ = {isa = PBXFileReference; lastKnownFileType = audio.wav; name = locked.wav; path = ../locked.wav; sourceTree = "<group>"; };
		B91B36A91B71181F00B1BE78 /* GameState.swift */ = {isa = PBXFileReference; fileEncoding = 4; lastKnownFileType = sourcecode.swift; path = GameState.swift; sourceTree = "<group>"; };
		B91B8A771B8261470060CF44 /* UIAlternateTapGestureRecognizer.swift */ = {isa = PBXFileReference; fileEncoding = 4; lastKnownFileType = sourcecode.swift; name = UIAlternateTapGestureRecognizer.swift; path = Subclass/UIAlternateTapGestureRecognizer.swift; sourceTree = "<group>"; };
		B985E0731B7519E100CBAC43 /* SwiftyJSON.swift */ = {isa = PBXFileReference; fileEncoding = 4; lastKnownFileType = sourcecode.swift; path = SwiftyJSON.swift; sourceTree = "<group>"; };
		B985E0751B75300200CBAC43 /* Level1.json */ = {isa = PBXFileReference; fileEncoding = 4; lastKnownFileType = text.json; path = Level1.json; sourceTree = "<group>"; };
		D444072E1B83BAAA0049AFE7 /* Map1.json */ = {isa = PBXFileReference; fileEncoding = 4; lastKnownFileType = text.json; path = Map1.json; sourceTree = "<group>"; };
		D471FDB91B6FD3B000D80921 /* MadnessDaze.app */ = {isa = PBXFileReference; explicitFileType = wrapper.application; includeInIndex = 0; path = MadnessDaze.app; sourceTree = BUILT_PRODUCTS_DIR; };
		D471FDBD1B6FD3B000D80921 /* Info.plist */ = {isa = PBXFileReference; lastKnownFileType = text.plist.xml; path = Info.plist; sourceTree = "<group>"; };
		D471FDBE1B6FD3B000D80921 /* AppDelegate.swift */ = {isa = PBXFileReference; lastKnownFileType = sourcecode.swift; path = AppDelegate.swift; sourceTree = "<group>"; };
		D471FDC01B6FD3B000D80921 /* GameScene.sks */ = {isa = PBXFileReference; lastKnownFileType = file.sks; path = GameScene.sks; sourceTree = "<group>"; };
		D471FDC21B6FD3B000D80921 /* GameScene.swift */ = {isa = PBXFileReference; lastKnownFileType = sourcecode.swift; path = GameScene.swift; sourceTree = "<group>"; };
		D471FDC41B6FD3B000D80921 /* GameViewController.swift */ = {isa = PBXFileReference; lastKnownFileType = sourcecode.swift; path = GameViewController.swift; sourceTree = "<group>"; };
		D471FDC71B6FD3B000D80921 /* Base */ = {isa = PBXFileReference; lastKnownFileType = file.storyboard; name = Base; path = Base.lproj/Main.storyboard; sourceTree = "<group>"; };
		D471FDC91B6FD3B000D80921 /* Images.xcassets */ = {isa = PBXFileReference; lastKnownFileType = folder.assetcatalog; path = Images.xcassets; sourceTree = "<group>"; };
		D471FDCC1B6FD3B000D80921 /* Base */ = {isa = PBXFileReference; lastKnownFileType = file.xib; name = Base; path = Base.lproj/LaunchScreen.xib; sourceTree = "<group>"; };
		D471FDD21B6FD3B000D80921 /* MadnessDazeTests.xctest */ = {isa = PBXFileReference; explicitFileType = wrapper.cfbundle; includeInIndex = 0; path = MadnessDazeTests.xctest; sourceTree = BUILT_PRODUCTS_DIR; };
		D471FDD71B6FD3B000D80921 /* Info.plist */ = {isa = PBXFileReference; lastKnownFileType = text.plist.xml; path = Info.plist; sourceTree = "<group>"; };
		D471FDD81B6FD3B000D80921 /* FCTerrorGameTests.swift */ = {isa = PBXFileReference; lastKnownFileType = sourcecode.swift; path = FCTerrorGameTests.swift; sourceTree = "<group>"; };
		D4A0D3261B8CFB5F0004BB09 /* playerSteps.mp3 */ = {isa = PBXFileReference; lastKnownFileType = audio.mp3; name = playerSteps.mp3; path = ../playerSteps.mp3; sourceTree = "<group>"; };
		D4A0D32A1B8E3B440004BB09 /* crossroad.mp3 */ = {isa = PBXFileReference; lastKnownFileType = audio.mp3; path = crossroad.mp3; sourceTree = "<group>"; };
/* End PBXFileReference section */

/* Begin PBXFrameworksBuildPhase section */
		D471FDB61B6FD3B000D80921 /* Frameworks */ = {
			isa = PBXFrameworksBuildPhase;
			buildActionMask = 2147483647;
			files = (
			);
			runOnlyForDeploymentPostprocessing = 0;
		};
		D471FDCF1B6FD3B000D80921 /* Frameworks */ = {
			isa = PBXFrameworksBuildPhase;
			buildActionMask = 2147483647;
			files = (
			);
			runOnlyForDeploymentPostprocessing = 0;
		};
/* End PBXFrameworksBuildPhase section */

/* Begin PBXGroup section */
		B91B36A61B71181000B1BE78 /* Levels */ = {
			isa = PBXGroup;
			children = (
				B985E0751B75300200CBAC43 /* Level1.json */,
				D444072E1B83BAAA0049AFE7 /* Map1.json */,
				305224061B863F2400AD7A98 /* Enemy.json */,
			);
			path = Levels;
			sourceTree = "<group>";
		};
		B91B8A761B8260FF0060CF44 /* Subclass */ = {
			isa = PBXGroup;
			children = (
				B91B8A771B8261470060CF44 /* UIAlternateTapGestureRecognizer.swift */,
			);
			name = Subclass;
			sourceTree = "<group>";
		};
		D471FDB01B6FD3B000D80921 = {
			isa = PBXGroup;
			children = (
				D471FDBB1B6FD3B000D80921 /* FCTerrorGame */,
				D471FDD51B6FD3B000D80921 /* FCTerrorGameTests */,
				D471FDBA1B6FD3B000D80921 /* Products */,
			);
			sourceTree = "<group>";
		};
		D471FDBA1B6FD3B000D80921 /* Products */ = {
			isa = PBXGroup;
			children = (
				D471FDB91B6FD3B000D80921 /* MadnessDaze.app */,
				D471FDD21B6FD3B000D80921 /* MadnessDazeTests.xctest */,
			);
			name = Products;
			sourceTree = "<group>";
		};
		D471FDBB1B6FD3B000D80921 /* FCTerrorGame */ = {
			isa = PBXGroup;
			children = (
				D4A0D3291B8E3B310004BB09 /* Speeches */,
				D4A0D3281B8E3B070004BB09 /* Sounds */,
				305224041B86380300AD7A98 /* EnemyControl.swift */,
				B91B8A761B8260FF0060CF44 /* Subclass */,
				B985E0731B7519E100CBAC43 /* SwiftyJSON.swift */,
				D471FDBE1B6FD3B000D80921 /* AppDelegate.swift */,
				D471FDC01B6FD3B000D80921 /* GameScene.sks */,
				D471FDC21B6FD3B000D80921 /* GameScene.swift */,
				D471FDC41B6FD3B000D80921 /* GameViewController.swift */,
				D471FDC61B6FD3B000D80921 /* Main.storyboard */,
				B91B36A91B71181F00B1BE78 /* GameState.swift */,
				D471FDC91B6FD3B000D80921 /* Images.xcassets */,
				D471FDCB1B6FD3B000D80921 /* LaunchScreen.xib */,
				B91B36A61B71181000B1BE78 /* Levels */,
				D471FDBC1B6FD3B000D80921 /* Supporting Files */,
				306F7C721B7118A100E8501A /* AudioNode.swift */,
				306F7C7E1B7D113600E8501A /* BackGroundSoundNode.swift */,
				306F7C7A1B7D014C00E8501A /* Singleton.swift */,
				305224021B84F42C00AD7A98 /* EnemyBot.swift */,
			);
			path = FCTerrorGame;
			sourceTree = "<group>";
		};
		D471FDBC1B6FD3B000D80921 /* Supporting Files */ = {
			isa = PBXGroup;
			children = (
				D471FDBD1B6FD3B000D80921 /* Info.plist */,
			);
			name = "Supporting Files";
			sourceTree = "<group>";
		};
		D471FDD51B6FD3B000D80921 /* FCTerrorGameTests */ = {
			isa = PBXGroup;
			children = (
				D471FDD81B6FD3B000D80921 /* FCTerrorGameTests.swift */,
				D471FDD61B6FD3B000D80921 /* Supporting Files */,
			);
			path = FCTerrorGameTests;
			sourceTree = "<group>";
		};
		D471FDD61B6FD3B000D80921 /* Supporting Files */ = {
			isa = PBXGroup;
			children = (
				D471FDD71B6FD3B000D80921 /* Info.plist */,
			);
			name = "Supporting Files";
			sourceTree = "<group>";
		};
		D4A0D3281B8E3B070004BB09 /* Sounds */ = {
			isa = PBXGroup;
			children = (
				306F7C7C1B7D023700E8501A /* asylum.mp3 */,
				306F7C761B7274F900E8501A /* helicopterMono.mp3 */,
				306F7C801B7D1BF500E8501A /* locked.wav */,
				D4A0D3261B8CFB5F0004BB09 /* playerSteps.mp3 */,
			);
			name = Sounds;
			sourceTree = "<group>";
		};
		D4A0D3291B8E3B310004BB09 /* Speeches */ = {
			isa = PBXGroup;
			children = (
				D4A0D32A1B8E3B440004BB09 /* crossroad.mp3 */,
			);
			name = Speeches;
			sourceTree = "<group>";
		};
/* End PBXGroup section */

/* Begin PBXNativeTarget section */
		D471FDB81B6FD3B000D80921 /* MadnessDaze */ = {
			isa = PBXNativeTarget;
			buildConfigurationList = D471FDDC1B6FD3B000D80921 /* Build configuration list for PBXNativeTarget "MadnessDaze" */;
			buildPhases = (
				D471FDB51B6FD3B000D80921 /* Sources */,
				D471FDB61B6FD3B000D80921 /* Frameworks */,
				D471FDB71B6FD3B000D80921 /* Resources */,
			);
			buildRules = (
			);
			dependencies = (
			);
			name = MadnessDaze;
			productName = FCTerrorGame;
			productReference = D471FDB91B6FD3B000D80921 /* MadnessDaze.app */;
			productType = "com.apple.product-type.application";
		};
		D471FDD11B6FD3B000D80921 /* MadnessDazeTests */ = {
			isa = PBXNativeTarget;
			buildConfigurationList = D471FDDF1B6FD3B000D80921 /* Build configuration list for PBXNativeTarget "MadnessDazeTests" */;
			buildPhases = (
				D471FDCE1B6FD3B000D80921 /* Sources */,
				D471FDCF1B6FD3B000D80921 /* Frameworks */,
				D471FDD01B6FD3B000D80921 /* Resources */,
			);
			buildRules = (
			);
			dependencies = (
				D471FDD41B6FD3B000D80921 /* PBXTargetDependency */,
			);
			name = MadnessDazeTests;
			productName = FCTerrorGameTests;
			productReference = D471FDD21B6FD3B000D80921 /* MadnessDazeTests.xctest */;
			productType = "com.apple.product-type.bundle.unit-test";
		};
/* End PBXNativeTarget section */

/* Begin PBXProject section */
		D471FDB11B6FD3B000D80921 /* Project object */ = {
			isa = PBXProject;
			attributes = {
				LastUpgradeCheck = 0640;
				ORGANIZATIONNAME = "Paulo Ricardo Ramos da Rosa";
				TargetAttributes = {
					D471FDB81B6FD3B000D80921 = {
						CreatedOnToolsVersion = 6.4;
					};
					D471FDD11B6FD3B000D80921 = {
						CreatedOnToolsVersion = 6.4;
						TestTargetID = D471FDB81B6FD3B000D80921;
					};
				};
			};
			buildConfigurationList = D471FDB41B6FD3B000D80921 /* Build configuration list for PBXProject "MadnessDaze" */;
			compatibilityVersion = "Xcode 3.2";
			developmentRegion = English;
			hasScannedForEncodings = 0;
			knownRegions = (
				en,
				Base,
			);
			mainGroup = D471FDB01B6FD3B000D80921;
			productRefGroup = D471FDBA1B6FD3B000D80921 /* Products */;
			projectDirPath = "";
			projectRoot = "";
			targets = (
				D471FDB81B6FD3B000D80921 /* MadnessDaze */,
				D471FDD11B6FD3B000D80921 /* MadnessDazeTests */,
			);
		};
/* End PBXProject section */

/* Begin PBXResourcesBuildPhase section */
		D471FDB71B6FD3B000D80921 /* Resources */ = {
			isa = PBXResourcesBuildPhase;
			buildActionMask = 2147483647;
			files = (
				306F7C811B7D1BF500E8501A /* locked.wav in Resources */,
				306F7C771B7274F900E8501A /* helicopterMono.mp3 in Resources */,
				D471FDCD1B6FD3B000D80921 /* LaunchScreen.xib in Resources */,
				306F7C7D1B7D023700E8501A /* asylum.mp3 in Resources */,
				D4A0D3271B8CFB5F0004BB09 /* playerSteps.mp3 in Resources */,
				305224071B863F2400AD7A98 /* Enemy.json in Resources */,
				D471FDCA1B6FD3B000D80921 /* Images.xcassets in Resources */,
				D471FDC11B6FD3B000D80921 /* GameScene.sks in Resources */,
				B985E0761B75300200CBAC43 /* Level1.json in Resources */,
				D444072F1B83BAAA0049AFE7 /* Map1.json in Resources */,
				D471FDC81B6FD3B000D80921 /* Main.storyboard in Resources */,
				D4A0D32B1B8E3B440004BB09 /* crossroad.mp3 in Resources */,
			);
			runOnlyForDeploymentPostprocessing = 0;
		};
		D471FDD01B6FD3B000D80921 /* Resources */ = {
			isa = PBXResourcesBuildPhase;
			buildActionMask = 2147483647;
			files = (
			);
			runOnlyForDeploymentPostprocessing = 0;
		};
/* End PBXResourcesBuildPhase section */

/* Begin PBXSourcesBuildPhase section */
		D471FDB51B6FD3B000D80921 /* Sources */ = {
			isa = PBXSourcesBuildPhase;
			buildActionMask = 2147483647;
			files = (
				D471FDC31B6FD3B000D80921 /* GameScene.swift in Sources */,
				306F7C7B1B7D014C00E8501A /* Singleton.swift in Sources */,
				305224031B84F42C00AD7A98 /* EnemyBot.swift in Sources */,
				B91B36AA1B71181F00B1BE78 /* GameState.swift in Sources */,
				305224051B86380300AD7A98 /* EnemyControl.swift in Sources */,
				306F7C7F1B7D113600E8501A /* BackGroundSoundNode.swift in Sources */,
				D471FDC51B6FD3B000D80921 /* GameViewController.swift in Sources */,
				B985E0741B7519E100CBAC43 /* SwiftyJSON.swift in Sources */,
				306F7C731B7118A100E8501A /* AudioNode.swift in Sources */,
				D471FDBF1B6FD3B000D80921 /* AppDelegate.swift in Sources */,
				B91B8A781B8261470060CF44 /* UIAlternateTapGestureRecognizer.swift in Sources */,
			);
			runOnlyForDeploymentPostprocessing = 0;
		};
		D471FDCE1B6FD3B000D80921 /* Sources */ = {
			isa = PBXSourcesBuildPhase;
			buildActionMask = 2147483647;
			files = (
				D471FDD91B6FD3B000D80921 /* FCTerrorGameTests.swift in Sources */,
			);
			runOnlyForDeploymentPostprocessing = 0;
		};
/* End PBXSourcesBuildPhase section */

/* Begin PBXTargetDependency section */
		D471FDD41B6FD3B000D80921 /* PBXTargetDependency */ = {
			isa = PBXTargetDependency;
			target = D471FDB81B6FD3B000D80921 /* MadnessDaze */;
			targetProxy = D471FDD31B6FD3B000D80921 /* PBXContainerItemProxy */;
		};
/* End PBXTargetDependency section */

/* Begin PBXVariantGroup section */
		D471FDC61B6FD3B000D80921 /* Main.storyboard */ = {
			isa = PBXVariantGroup;
			children = (
				D471FDC71B6FD3B000D80921 /* Base */,
			);
			name = Main.storyboard;
			sourceTree = "<group>";
		};
		D471FDCB1B6FD3B000D80921 /* LaunchScreen.xib */ = {
			isa = PBXVariantGroup;
			children = (
				D471FDCC1B6FD3B000D80921 /* Base */,
			);
			name = LaunchScreen.xib;
			sourceTree = "<group>";
		};
/* End PBXVariantGroup section */

/* Begin XCBuildConfiguration section */
		D471FDDA1B6FD3B000D80921 /* Debug */ = {
			isa = XCBuildConfiguration;
			buildSettings = {
				ALWAYS_SEARCH_USER_PATHS = NO;
				CLANG_CXX_LANGUAGE_STANDARD = "gnu++0x";
				CLANG_CXX_LIBRARY = "libc++";
				CLANG_ENABLE_MODULES = YES;
				CLANG_ENABLE_OBJC_ARC = YES;
				CLANG_WARN_BOOL_CONVERSION = YES;
				CLANG_WARN_CONSTANT_CONVERSION = YES;
				CLANG_WARN_DIRECT_OBJC_ISA_USAGE = YES_ERROR;
				CLANG_WARN_EMPTY_BODY = YES;
				CLANG_WARN_ENUM_CONVERSION = YES;
				CLANG_WARN_INT_CONVERSION = YES;
				CLANG_WARN_OBJC_ROOT_CLASS = YES_ERROR;
				CLANG_WARN_UNREACHABLE_CODE = YES;
				CLANG_WARN__DUPLICATE_METHOD_MATCH = YES;
				"CODE_SIGN_IDENTITY[sdk=iphoneos*]" = "iPhone Developer";
				COPY_PHASE_STRIP = NO;
				DEBUG_INFORMATION_FORMAT = "dwarf-with-dsym";
				ENABLE_STRICT_OBJC_MSGSEND = YES;
				GCC_C_LANGUAGE_STANDARD = gnu99;
				GCC_DYNAMIC_NO_PIC = NO;
				GCC_NO_COMMON_BLOCKS = YES;
				GCC_OPTIMIZATION_LEVEL = 0;
				GCC_PREPROCESSOR_DEFINITIONS = (
					"DEBUG=1",
					"$(inherited)",
				);
				GCC_SYMBOLS_PRIVATE_EXTERN = NO;
				GCC_WARN_64_TO_32_BIT_CONVERSION = YES;
				GCC_WARN_ABOUT_RETURN_TYPE = YES_ERROR;
				GCC_WARN_UNDECLARED_SELECTOR = YES;
				GCC_WARN_UNINITIALIZED_AUTOS = YES_AGGRESSIVE;
				GCC_WARN_UNUSED_FUNCTION = YES;
				GCC_WARN_UNUSED_VARIABLE = YES;
				IPHONEOS_DEPLOYMENT_TARGET = 8.4;
				MTL_ENABLE_DEBUG_INFO = YES;
				ONLY_ACTIVE_ARCH = YES;
				SDKROOT = iphoneos;
				SWIFT_OPTIMIZATION_LEVEL = "-Onone";
				TARGETED_DEVICE_FAMILY = "1,2";
			};
			name = Debug;
		};
		D471FDDB1B6FD3B000D80921 /* Release */ = {
			isa = XCBuildConfiguration;
			buildSettings = {
				ALWAYS_SEARCH_USER_PATHS = NO;
				CLANG_CXX_LANGUAGE_STANDARD = "gnu++0x";
				CLANG_CXX_LIBRARY = "libc++";
				CLANG_ENABLE_MODULES = YES;
				CLANG_ENABLE_OBJC_ARC = YES;
				CLANG_WARN_BOOL_CONVERSION = YES;
				CLANG_WARN_CONSTANT_CONVERSION = YES;
				CLANG_WARN_DIRECT_OBJC_ISA_USAGE = YES_ERROR;
				CLANG_WARN_EMPTY_BODY = YES;
				CLANG_WARN_ENUM_CONVERSION = YES;
				CLANG_WARN_INT_CONVERSION = YES;
				CLANG_WARN_OBJC_ROOT_CLASS = YES_ERROR;
				CLANG_WARN_UNREACHABLE_CODE = YES;
				CLANG_WARN__DUPLICATE_METHOD_MATCH = YES;
				"CODE_SIGN_IDENTITY[sdk=iphoneos*]" = "iPhone Developer";
				COPY_PHASE_STRIP = NO;
				DEBUG_INFORMATION_FORMAT = "dwarf-with-dsym";
				ENABLE_NS_ASSERTIONS = NO;
				ENABLE_STRICT_OBJC_MSGSEND = YES;
				GCC_C_LANGUAGE_STANDARD = gnu99;
				GCC_NO_COMMON_BLOCKS = YES;
				GCC_WARN_64_TO_32_BIT_CONVERSION = YES;
				GCC_WARN_ABOUT_RETURN_TYPE = YES_ERROR;
				GCC_WARN_UNDECLARED_SELECTOR = YES;
				GCC_WARN_UNINITIALIZED_AUTOS = YES_AGGRESSIVE;
				GCC_WARN_UNUSED_FUNCTION = YES;
				GCC_WARN_UNUSED_VARIABLE = YES;
				IPHONEOS_DEPLOYMENT_TARGET = 8.4;
				MTL_ENABLE_DEBUG_INFO = NO;
				SDKROOT = iphoneos;
				TARGETED_DEVICE_FAMILY = "1,2";
				VALIDATE_PRODUCT = YES;
			};
			name = Release;
		};
		D471FDDD1B6FD3B000D80921 /* Debug */ = {
			isa = XCBuildConfiguration;
			buildSettings = {
				ASSETCATALOG_COMPILER_APPICON_NAME = AppIcon;
				INFOPLIST_FILE = FCTerrorGame/Info.plist;
				LD_RUNPATH_SEARCH_PATHS = "$(inherited) @executable_path/Frameworks";
				PRODUCT_NAME = MadnessDaze;
			};
			name = Debug;
		};
		D471FDDE1B6FD3B000D80921 /* Release */ = {
			isa = XCBuildConfiguration;
			buildSettings = {
				ASSETCATALOG_COMPILER_APPICON_NAME = AppIcon;
				INFOPLIST_FILE = FCTerrorGame/Info.plist;
				LD_RUNPATH_SEARCH_PATHS = "$(inherited) @executable_path/Frameworks";
				PRODUCT_NAME = MadnessDaze;
			};
			name = Release;
		};
		D471FDE01B6FD3B000D80921 /* Debug */ = {
			isa = XCBuildConfiguration;
			buildSettings = {
				BUNDLE_LOADER = "$(TEST_HOST)";
				FRAMEWORK_SEARCH_PATHS = (
					"$(SDKROOT)/Developer/Library/Frameworks",
					"$(inherited)",
				);
				GCC_PREPROCESSOR_DEFINITIONS = (
					"DEBUG=1",
					"$(inherited)",
				);
				INFOPLIST_FILE = FCTerrorGameTests/Info.plist;
				LD_RUNPATH_SEARCH_PATHS = "$(inherited) @executable_path/Frameworks @loader_path/Frameworks";
				PRODUCT_NAME = MadnessDazeTests;
				TEST_HOST = "$(BUILT_PRODUCTS_DIR)/MadnessDaze.app/MadnessDaze";
			};
			name = Debug;
		};
		D471FDE11B6FD3B000D80921 /* Release */ = {
			isa = XCBuildConfiguration;
			buildSettings = {
				BUNDLE_LOADER = "$(TEST_HOST)";
				FRAMEWORK_SEARCH_PATHS = (
					"$(SDKROOT)/Developer/Library/Frameworks",
					"$(inherited)",
				);
				INFOPLIST_FILE = FCTerrorGameTests/Info.plist;
				LD_RUNPATH_SEARCH_PATHS = "$(inherited) @executable_path/Frameworks @loader_path/Frameworks";
				PRODUCT_NAME = MadnessDazeTests;
				TEST_HOST = "$(BUILT_PRODUCTS_DIR)/MadnessDaze.app/MadnessDaze";
			};
			name = Release;
		};
/* End XCBuildConfiguration section */

/* Begin XCConfigurationList section */
		D471FDB41B6FD3B000D80921 /* Build configuration list for PBXProject "MadnessDaze" */ = {
			isa = XCConfigurationList;
			buildConfigurations = (
				D471FDDA1B6FD3B000D80921 /* Debug */,
				D471FDDB1B6FD3B000D80921 /* Release */,
			);
			defaultConfigurationIsVisible = 0;
			defaultConfigurationName = Release;
		};
		D471FDDC1B6FD3B000D80921 /* Build configuration list for PBXNativeTarget "MadnessDaze" */ = {
			isa = XCConfigurationList;
			buildConfigurations = (
				D471FDDD1B6FD3B000D80921 /* Debug */,
				D471FDDE1B6FD3B000D80921 /* Release */,
			);
			defaultConfigurationIsVisible = 0;
			defaultConfigurationName = Release;
		};
		D471FDDF1B6FD3B000D80921 /* Build configuration list for PBXNativeTarget "MadnessDazeTests" */ = {
			isa = XCConfigurationList;
			buildConfigurations = (
				D471FDE01B6FD3B000D80921 /* Debug */,
				D471FDE11B6FD3B000D80921 /* Release */,
			);
			defaultConfigurationIsVisible = 0;
			defaultConfigurationName = Release;
		};
/* End XCConfigurationList section */
	};
	rootObject = D471FDB11B6FD3B000D80921 /* Project object */;
}
